<?xml version="1.0" encoding="utf-8"?>
<Project ToolsVersion="4.0" xmlns="http://schemas.microsoft.com/developer/msbuild/2003">
  <ItemGroup>
    <Filter Include="Source Files">
      <UniqueIdentifier>{4FC737F1-C7A5-4376-A066-2A32D752A2FF}</UniqueIdentifier>
      <Extensions>cpp;cxx;c;def</Extensions>
    </Filter>
    <Filter Include="Header Files">
      <UniqueIdentifier>{93995380-89BD-4b04-88EB-625FBE52EBFB}</UniqueIdentifier>
      <Extensions>h</Extensions>
    </Filter>
    <Filter Include="Form Files">
      <UniqueIdentifier>{99349809-55BA-4b9d-BF79-8FDBB0286EB3}</UniqueIdentifier>
      <Extensions>ui</Extensions>
    </Filter>
    <Filter Include="Resource Files">
      <UniqueIdentifier>{D9D6E242-F8AF-46E4-B9FD-80ECBC20BA3E}</UniqueIdentifier>
      <Extensions>qrc;*</Extensions>
      <ParseFiles>false</ParseFiles>
    </Filter>
    <Filter Include="Generated Files">
      <UniqueIdentifier>{71ED8ED8-ACB9-4CE9-BBE1-E00B30144E11}</UniqueIdentifier>
      <Extensions>moc;h;cpp</Extensions>
      <SourceControlFiles>False</SourceControlFiles>
    </Filter>
    <Filter Include="Generated Files\Debug">
      <UniqueIdentifier>{1cb0bca4-4c72-4ec2-8dba-e9fc7662728a}</UniqueIdentifier>
      <Extensions>cpp;moc</Extensions>
      <SourceControlFiles>False</SourceControlFiles>
    </Filter>
    <Filter Include="Generated Files\Release">
      <UniqueIdentifier>{b2c6a605-5dd1-499a-b5e4-81eba50aa7d7}</UniqueIdentifier>
      <Extensions>cpp;moc</Extensions>
      <SourceControlFiles>False</SourceControlFiles>
    </Filter>
    <Filter Include="DB">
      <UniqueIdentifier>{abd30a2c-7bde-4b6b-9f69-313880d8d968}</UniqueIdentifier>
    </Filter>
    <Filter Include="GUI">
      <UniqueIdentifier>{1d1734ec-27a7-4143-a1e0-df7bcfef05d8}</UniqueIdentifier>
    </Filter>
    <Filter Include="Module">
      <UniqueIdentifier>{8776d457-b02d-4ea1-827e-599679c291c5}</UniqueIdentifier>
    </Filter>
    <Filter Include="Application">
      <UniqueIdentifier>{c94d7322-cc78-42da-9e16-7f24faaaf055}</UniqueIdentifier>
    </Filter>
  </ItemGroup>
  <ItemGroup>
    <ClCompile Include="GeneratedFiles\qrc_columba.cpp">
      <Filter>Generated Files</Filter>
    </ClCompile>
    <ClCompile Include="db_maincomponent.cpp">
      <Filter>DB</Filter>
    </ClCompile>
    <ClCompile Include="gui_bubble.cpp">
      <Filter>GUI</Filter>
    </ClCompile>
    <ClCompile Include="gui_conversationarea.cpp">
      <Filter>GUI</Filter>
    </ClCompile>
    <ClCompile Include="GeneratedFiles\Debug\moc_gui_conversationarea.cpp">
      <Filter>Generated Files\Debug</Filter>
    </ClCompile>
    <ClCompile Include="GeneratedFiles\Release\moc_gui_conversationarea.cpp">
      <Filter>Generated Files\Release</Filter>
    </ClCompile>
    <ClCompile Include="gui_conversationdata.cpp">
      <Filter>GUI</Filter>
    </ClCompile>
    <ClCompile Include="gui_conversationexplorer.cpp">
      <Filter>GUI</Filter>
    </ClCompile>
    <ClCompile Include="GeneratedFiles\Debug\moc_gui_conversationexplorer.cpp">
      <Filter>Generated Files\Debug</Filter>
    </ClCompile>
    <ClCompile Include="GeneratedFiles\Release\moc_gui_conversationexplorer.cpp">
      <Filter>Generated Files\Release</Filter>
    </ClCompile>
    <ClCompile Include="gui_sendersmodel.cpp">
      <Filter>GUI</Filter>
    </ClCompile>
    <ClCompile Include="gui_sendersview.cpp">
      <Filter>GUI</Filter>
    </ClCompile>
    <ClCompile Include="GeneratedFiles\Debug\moc_db_maincomponent.cpp">
      <Filter>Generated Files\Debug</Filter>
    </ClCompile>
    <ClCompile Include="GeneratedFiles\Release\moc_db_maincomponent.cpp">
      <Filter>Generated Files\Release</Filter>
    </ClCompile>
    <ClCompile Include="GeneratedFiles\Debug\moc_gui_messageeditor.cpp">
      <Filter>Generated Files\Debug</Filter>
    </ClCompile>
    <ClCompile Include="GeneratedFiles\Release\moc_gui_messageeditor.cpp">
      <Filter>Generated Files\Release</Filter>
    </ClCompile>
    <ClCompile Include="gui_messageeditor.cpp">
      <Filter>GUI</Filter>
    </ClCompile>
    <ClCompile Include="GeneratedFiles\Debug\moc_app_smsmanager.cpp">
      <Filter>Generated Files\Debug</Filter>
    </ClCompile>
    <ClCompile Include="GeneratedFiles\Release\moc_app_smsmanager.cpp">
      <Filter>Generated Files\Release</Filter>
    </ClCompile>
    <ClCompile Include="app_smsmanager.cpp">
      <Filter>Module</Filter>
    </ClCompile>
    <ClCompile Include="GeneratedFiles\Debug\moc_app_mainwindow.cpp">
      <Filter>Generated Files\Debug</Filter>
    </ClCompile>
    <ClCompile Include="GeneratedFiles\Release\moc_app_mainwindow.cpp">
      <Filter>Generated Files\Release</Filter>
    </ClCompile>
    <ClCompile Include="GeneratedFiles\Debug\moc_gui_settings_dlg.cpp">
      <Filter>Generated Files\Debug</Filter>
    </ClCompile>
    <ClCompile Include="GeneratedFiles\Release\moc_gui_settings_dlg.cpp">
      <Filter>Generated Files\Release</Filter>
    </ClCompile>
    <ClCompile Include="gui_settings_dlg.cpp">
      <Filter>GUI</Filter>
    </ClCompile>
    <ClCompile Include="gui_statusview.cpp">
      <Filter>GUI</Filter>
    </ClCompile>
    <ClCompile Include="_columba.cpp">
      <Filter>Source Files</Filter>
    </ClCompile>
    <ClCompile Include="GeneratedFiles\Debug\moc__columba.cpp">
      <Filter>Generated Files\Debug</Filter>
    </ClCompile>
    <ClCompile Include="GeneratedFiles\Release\moc__columba.cpp">
      <Filter>Generated Files\Release</Filter>
    </ClCompile>
    <ClCompile Include="app_mainwindow.cpp">
      <Filter>Application</Filter>
    </ClCompile>
    <ClCompile Include="main.cpp">
      <Filter>Application</Filter>
    </ClCompile>
    <ClCompile Include="app_application.cpp">
      <Filter>Application</Filter>
    </ClCompile>
    <ClCompile Include="gui_newmessage_dlg.cpp">
      <Filter>GUI</Filter>
    </ClCompile>
    <ClCompile Include="GeneratedFiles\Debug\moc_gui_newmessage_dlg.cpp">
      <Filter>Generated Files\Debug</Filter>
    </ClCompile>
    <ClCompile Include="GeneratedFiles\Release\moc_gui_newmessage_dlg.cpp">
      <Filter>Generated Files\Release</Filter>
    </ClCompile>
    <ClCompile Include="GeneratedFiles\Debug\moc_gui_sendersview.cpp">
      <Filter>Generated Files\Debug</Filter>
    </ClCompile>
    <ClCompile Include="GeneratedFiles\Release\moc_gui_sendersview.cpp">
      <Filter>Generated Files\Release</Filter>
    </ClCompile>
    <ClCompile Include="GeneratedFiles\Debug\moc_gui_bubble.cpp">
      <Filter>Generated Files\Debug</Filter>
    </ClCompile>
    <ClCompile Include="GeneratedFiles\Release\moc_gui_bubble.cpp">
      <Filter>Generated Files\Release</Filter>
    </ClCompile>
  </ItemGroup>
  <ItemGroup>
    <CustomBuild Include="columba.ui">
      <Filter>Form Files</Filter>
    </CustomBuild>
    <CustomBuild Include="columba.qrc">
      <Filter>Resource Files</Filter>
    </CustomBuild>
    <CustomBuild Include="gui_conversationarea.h">
      <Filter>GUI</Filter>
    </CustomBuild>
    <CustomBuild Include="gui_conversationexplorer.h">
      <Filter>GUI</Filter>
    </CustomBuild>
    <CustomBuild Include="db_maincomponent.h">
      <Filter>DB</Filter>
    </CustomBuild>
    <CustomBuild Include="gui_messageeditor.h">
      <Filter>GUI</Filter>
    </CustomBuild>
    <CustomBuild Include="app_smsmanager.h">
      <Filter>Module</Filter>
    </CustomBuild>
    <CustomBuild Include="gui_settings_dlg.h">
      <Filter>GUI</Filter>
    </CustomBuild>
    <CustomBuild Include="settings.ui">
      <Filter>Form Files</Filter>
    </CustomBuild>
    <CustomBuild Include="_columba.h">
      <Filter>Source Files</Filter>
    </CustomBuild>
    <CustomBuild Include="test.ui">
      <Filter>Form Files</Filter>
    </CustomBuild>
    <CustomBuild Include="app_mainwindow.h">
      <Filter>Application</Filter>
    </CustomBuild>
    <CustomBuild Include="app_application.h">
      <Filter>Application</Filter>
    </CustomBuild>
    <CustomBuild Include="gui_newmessage_dlg.h">
      <Filter>GUI</Filter>
    </CustomBuild>
    <CustomBuild Include="gui_sendersview.h">
      <Filter>GUI</Filter>
    </CustomBuild>
    <CustomBuild Include="gui_bubble.h">
      <Filter>GUI</Filter>
    </CustomBuild>
  </ItemGroup>
  <ItemGroup>
    <ClInclude Include="GeneratedFiles\ui_columba.h">
      <Filter>Generated Files</Filter>
    </ClInclude>
    <ClInclude Include="gui_colorprovoder.h">
      <Filter>GUI</Filter>
    </ClInclude>
    <ClInclude Include="gui_common.h">
      <Filter>GUI</Filter>
    </ClInclude>
    <ClInclude Include="gui_conversationdata.h">
      <Filter>GUI</Filter>
    </ClInclude>
    <ClInclude Include="gui_sendersmodel.h">
      <Filter>GUI</Filter>
    </ClInclude>
    <ClInclude Include="app_settingsmanager.h">
      <Filter>Header Files</Filter>
    </ClInclude>
    <ClInclude Include="GeneratedFiles\ui_settings.h">
      <Filter>Generated Files</Filter>
    </ClInclude>
    <ClInclude Include="gui_statusview.h">
      <Filter>GUI</Filter>
    </ClInclude>
    <ClInclude Include="GeneratedFiles\ui_test.h">
      <Filter>Generated Files</Filter>
    </ClInclude>
  </ItemGroup>
  <ItemGroup>
    <ResourceCompile Include="columba.rc" />
  </ItemGroup>
</Project>