<?xml version="1.0" encoding="utf-8"?>
<Project ToolsVersion="4.0" xmlns="http://schemas.microsoft.com/developer/msbuild/2003">
  <ItemGroup>
    <Filter Include="Source Files">
      <UniqueIdentifier>{4FC737F1-C7A5-4376-A066-2A32D752A2FF}</UniqueIdentifier>
      <Extensions>cpp;cxx;c;def</Extensions>
    </Filter>
    <Filter Include="Form Files">
      <UniqueIdentifier>{99349809-55BA-4b9d-BF79-8FDBB0286EB3}</UniqueIdentifier>
      <Extensions>ui</Extensions>
    </Filter>
    <Filter Include="Resource Files">
      <UniqueIdentifier>{D9D6E242-F8AF-46E4-B9FD-80ECBC20BA3E}</UniqueIdentifier>
      <Extensions>qrc;*</Extensions>
      <ParseFiles>false</ParseFiles>
    </Filter>
    <Filter Include="Generated Files">
      <UniqueIdentifier>{71ED8ED8-ACB9-4CE9-BBE1-E00B30144E11}</UniqueIdentifier>
      <Extensions>moc;h;cpp</Extensions>
      <SourceControlFiles>False</SourceControlFiles>
    </Filter>
    <Filter Include="DB">
      <UniqueIdentifier>{5bc7fe54-faff-4468-8490-9ae8d6c642e8}</UniqueIdentifier>
    </Filter>
    <Filter Include="Generated Files\Debug">
      <UniqueIdentifier>{27713bc7-4ea4-4408-9cc8-f96b247c2c58}</UniqueIdentifier>
      <Extensions>cpp;moc</Extensions>
      <SourceControlFiles>False</SourceControlFiles>
    </Filter>
    <Filter Include="Generated Files\Release">
      <UniqueIdentifier>{f8367678-0cf8-4d07-919c-9da28b23135b}</UniqueIdentifier>
      <Extensions>cpp;moc</Extensions>
      <SourceControlFiles>False</SourceControlFiles>
    </Filter>
    <Filter Include="Module">
      <UniqueIdentifier>{c7fa8630-15ed-4609-89e2-55a9d567b81c}</UniqueIdentifier>
    </Filter>
    <Filter Include="Utility">
      <UniqueIdentifier>{c8879116-738a-489d-83e7-3305b9675a69}</UniqueIdentifier>
    </Filter>
    <Filter Include="GUI">
      <UniqueIdentifier>{93995380-89BD-4b04-88EB-625FBE52EBFB}</UniqueIdentifier>
      <Extensions>h</Extensions>
    </Filter>
    <Filter Include="GUI\Controls">
      <UniqueIdentifier>{9b74581a-aba4-4818-971c-8a407f45ee98}</UniqueIdentifier>
    </Filter>
  </ItemGroup>
  <ItemGroup>
    <ClCompile Include="app_phonebook.cpp">
      <Filter>Module</Filter>
    </ClCompile>
    <ClCompile Include="GeneratedFiles\Debug\moc_pb_contactsview.cpp">
      <Filter>Generated Files\Debug</Filter>
    </ClCompile>
    <ClCompile Include="GeneratedFiles\Release\moc_pb_contactsview.cpp">
      <Filter>Generated Files\Release</Filter>
    </ClCompile>
    <ClCompile Include="pb_contactsview.cpp">
      <Filter>GUI</Filter>
    </ClCompile>
    <ClCompile Include="GeneratedFiles\Debug\moc_db_phonebookdatastore.cpp">
      <Filter>Generated Files\Debug</Filter>
    </ClCompile>
    <ClCompile Include="GeneratedFiles\Release\moc_db_phonebookdatastore.cpp">
      <Filter>Generated Files\Release</Filter>
    </ClCompile>
    <ClCompile Include="db_phonebookdatastore.cpp">
      <Filter>DB</Filter>
    </ClCompile>
    <ClCompile Include="pb_phonenumber.cpp">
      <Filter>Utility</Filter>
    </ClCompile>
    <ClCompile Include="pb_contact.cpp">
      <Filter>Utility</Filter>
    </ClCompile>
    <ClCompile Include="GeneratedFiles\Debug\moc_app_phonebook.cpp">
      <Filter>Generated Files\Debug</Filter>
    </ClCompile>
    <ClCompile Include="GeneratedFiles\Release\moc_app_phonebook.cpp">
      <Filter>Generated Files\Release</Filter>
    </ClCompile>
    <ClCompile Include="pb_contactheadermodel.cpp">
      <Filter>GUI</Filter>
    </ClCompile>
    <ClCompile Include="GeneratedFiles\Debug\moc_pb_contactheadermodel.cpp">
      <Filter>Generated Files\Debug</Filter>
    </ClCompile>
    <ClCompile Include="GeneratedFiles\Release\moc_pb_contactheadermodel.cpp">
      <Filter>Generated Files\Release</Filter>
    </ClCompile>
    <ClCompile Include="GeneratedFiles\Debug\moc_pb_profilephotoviewer.cpp">
      <Filter>Generated Files\Debug</Filter>
    </ClCompile>
    <ClCompile Include="GeneratedFiles\Release\moc_pb_profilephotoviewer.cpp">
      <Filter>Generated Files\Release</Filter>
    </ClCompile>
    <ClCompile Include="pb_profilephotoviewer.cpp">
      <Filter>GUI</Filter>
    </ClCompile>
    <ClCompile Include="GeneratedFiles\Debug\moc_pb_animatedbutton.cpp">
      <Filter>Generated Files\Debug</Filter>
    </ClCompile>
    <ClCompile Include="GeneratedFiles\Release\moc_pb_animatedbutton.cpp">
      <Filter>Generated Files\Release</Filter>
    </ClCompile>
    <ClCompile Include="pb_animatedbutton.cpp">
      <Filter>GUI\Controls</Filter>
    </ClCompile>
    <ClCompile Include="GeneratedFiles\qrc_phonebook.cpp">
      <Filter>Generated Files</Filter>
    </ClCompile>
    <ClCompile Include="contactheaderview.cpp">
      <Filter>Source Files</Filter>
    </ClCompile>
  </ItemGroup>
  <ItemGroup>
    <ClInclude Include="pb_phonenumber.h">
      <Filter>Utility</Filter>
    </ClInclude>
    <ClInclude Include="phonebook_global.h">
      <Filter>Module</Filter>
    </ClInclude>
    <ClInclude Include="contactheaderview.h">
      <Filter>Generated Files</Filter>
    </ClInclude>
  </ItemGroup>
  <ItemGroup>
    <CustomBuild Include="pb_contactsview.h">
      <Filter>GUI</Filter>
    </CustomBuild>
    <CustomBuild Include="db_phonebookdatastore.h">
      <Filter>DB</Filter>
    </CustomBuild>
    <CustomBuild Include="pb_contact.h">
      <Filter>Utility</Filter>
    </CustomBuild>
    <CustomBuild Include="app_phonebook.h">
      <Filter>Module</Filter>
    </CustomBuild>
    <CustomBuild Include="pb_contactheadermodel.h">
      <Filter>GUI</Filter>
    </CustomBuild>
    <CustomBuild Include="pb_profilephotoviewer.h">
      <Filter>GUI</Filter>
    </CustomBuild>
    <CustomBuild Include="pb_animatedbutton.h">
      <Filter>GUI\Controls</Filter>
    </CustomBuild>
    <CustomBuild Include="phonebook.qrc">
      <Filter>Resource Files</Filter>
    </CustomBuild>
  </ItemGroup>
  <ItemGroup>
    <Image Include="Resources\default_avatar.png">
      <Filter>Resource Files</Filter>
    </Image>
  </ItemGroup>
</Project>